
Microsoft Visual Studio Solution File, Format Version 12.00
# Visual Studio Version 17
VisualStudioVersion = 17.9.34310.174
MinimumVisualStudioVersion = 10.0.40219.1
Project("{FAE04EC0-301F-11D3-BF4B-00C04F79EFBC}") = "Obligatorio2", "Obligatorio2\Obligatorio2.csproj", "{A064C2D6-344C-405B-A488-B4B064FD29E6}"
EndProject
Project("{9A19103F-16F7-4668-BE54-9A1E7A4F7556}") = "Biblioteca", "Biblioteca\Biblioteca.csproj", "{85984CB4-705D-4CC1-8146-BAE154D287F9}"
EndProject
Global
	GlobalSection(SolutionConfigurationPlatforms) = preSolution
		Debug|Any CPU = Debug|Any CPU
		Release|Any CPU = Release|Any CPU
	EndGlobalSection
	GlobalSection(ProjectConfigurationPlatforms) = postSolution
		{A064C2D6-344C-405B-A488-B4B064FD29E6}.Debug|Any CPU.ActiveCfg = Debug|Any CPU
		{A064C2D6-344C-405B-A488-B4B064FD29E6}.Debug|Any CPU.Build.0 = Debug|Any CPU
		{A064C2D6-344C-405B-A488-B4B064FD29E6}.Release|Any CPU.ActiveCfg = Release|Any CPU
		{A064C2D6-344C-405B-A488-B4B064FD29E6}.Release|Any CPU.Build.0 = Release|Any CPU
		{85984CB4-705D-4CC1-8146-BAE154D287F9}.Debug|Any CPU.ActiveCfg = Debug|Any CPU
		{85984CB4-705D-4CC1-8146-BAE154D287F9}.Debug|Any CPU.Build.0 = Debug|Any CPU
		{85984CB4-705D-4CC1-8146-BAE154D287F9}.Release|Any CPU.ActiveCfg = Release|Any CPU
		{85984CB4-705D-4CC1-8146-BAE154D287F9}.Release|Any CPU.Build.0 = Release|Any CPU
	EndGlobalSection
	GlobalSection(SolutionProperties) = preSolution
		HideSolutionNode = FALSE
	EndGlobalSection
	GlobalSection(ExtensibilityGlobals) = postSolution
		SolutionGuid = {00ACB97E-AE8D-4EBA-99EF-3F19B7F1FFD2}
	EndGlobalSection
EndGlobal
